// !$*UTF8*$!
{
	archiveVersion = 1;
	classes = {
	};
	objectVersion = 46;
	objects = {

/* Begin PBXBuildFile section */
		50B6F3DE1E251644000A3780 /* main.m in Sources */ = {isa = PBXBuildFile; fileRef = 50B6F3DD1E251644000A3780 /* main.m */; };
		50B6F3E11E251644000A3780 /* AppDelegate.m in Sources */ = {isa = PBXBuildFile; fileRef = 50B6F3E01E251644000A3780 /* AppDelegate.m */; };
		50B6F3E41E251644000A3780 /* ViewController.m in Sources */ = {isa = PBXBuildFile; fileRef = 50B6F3E31E251644000A3780 /* ViewController.m */; };
		50B6F3E91E251644000A3780 /* Assets.xcassets in Resources */ = {isa = PBXBuildFile; fileRef = 50B6F3E81E251644000A3780 /* Assets.xcassets */; };
		50B6F3F81E251859000A3780 /* AProposViewController.m in Sources */ = {isa = PBXBuildFile; fileRef = 50B6F3F71E251859000A3780 /* AProposViewController.m */; };
		50BE407C1E25696800A4A033 /* Launch.storyboard in Resources */ = {isa = PBXBuildFile; fileRef = 50BE407B1E25696800A4A033 /* Launch.storyboard */; };
		50BE407F1E259A3E00A4A033 /* Localizable.strings in Resources */ = {isa = PBXBuildFile; fileRef = 50BE40811E259A3E00A4A033 /* Localizable.strings */; };
/* End PBXBuildFile section */

/* Begin PBXFileReference section */
		5033A20D1E4BB538004AC9FF /* fr */ = {isa = PBXFileReference; lastKnownFileType = text.plist.strings; name = fr; path = fr.lproj/Localizable.strings; sourceTree = "<group>"; };
		50B6F3D91E251644000A3780 /* Example.app */ = {isa = PBXFileReference; explicitFileType = wrapper.application; includeInIndex = 0; path = Example.app; sourceTree = BUILT_PRODUCTS_DIR; };
		50B6F3DD1E251644000A3780 /* main.m */ = {isa = PBXFileReference; lastKnownFileType = sourcecode.c.objc; path = main.m; sourceTree = "<group>"; };
		50B6F3DF1E251644000A3780 /* AppDelegate.h */ = {isa = PBXFileReference; lastKnownFileType = sourcecode.c.h; path = AppDelegate.h; sourceTree = "<group>"; };
		50B6F3E01E251644000A3780 /* AppDelegate.m */ = {isa = PBXFileReference; lastKnownFileType = sourcecode.c.objc; path = AppDelegate.m; sourceTree = "<group>"; };
		50B6F3E21E251644000A3780 /* ViewController.h */ = {isa = PBXFileReference; lastKnownFileType = sourcecode.c.h; path = ViewController.h; sourceTree = "<group>"; };
		50B6F3E31E251644000A3780 /* ViewController.m */ = {isa = PBXFileReference; lastKnownFileType = sourcecode.c.objc; path = ViewController.m; sourceTree = "<group>"; };
		50B6F3E81E251644000A3780 /* Assets.xcassets */ = {isa = PBXFileReference; lastKnownFileType = folder.assetcatalog; path = Assets.xcassets; sourceTree = "<group>"; };
		50B6F3ED1E251644000A3780 /* Info.plist */ = {isa = PBXFileReference; lastKnownFileType = text.plist.xml; path = Info.plist; sourceTree = "<group>"; };
		50B6F3F61E251859000A3780 /* AProposViewController.h */ = {isa = PBXFileReference; fileEncoding = 4; lastKnownFileType = sourcecode.c.h; name = AProposViewController.h; path = ../Classes/AProposViewController.h; sourceTree = SOURCE_ROOT; };
		50B6F3F71E251859000A3780 /* AProposViewController.m */ = {isa = PBXFileReference; fileEncoding = 4; lastKnownFileType = sourcecode.c.objc; name = AProposViewController.m; path = ../Classes/AProposViewController.m; sourceTree = SOURCE_ROOT; };
		50BE407B1E25696800A4A033 /* Launch.storyboard */ = {isa = PBXFileReference; fileEncoding = 4; lastKnownFileType = file.storyboard; path = Launch.storyboard; sourceTree = "<group>"; };
		50BE40801E259A3E00A4A033 /* Base */ = {isa = PBXFileReference; lastKnownFileType = text.plist.strings; name = Base; path = Base.lproj/Localizable.strings; sourceTree = "<group>"; };
/* End PBXFileReference section */

/* Begin PBXFrameworksBuildPhase section */
		50B6F3D61E251644000A3780 /* Frameworks */ = {
			isa = PBXFrameworksBuildPhase;
			buildActionMask = 2147483647;
			files = (
			);
			runOnlyForDeploymentPostprocessing = 0;
		};
/* End PBXFrameworksBuildPhase section */

/* Begin PBXGroup section */
		50B6F3D01E251644000A3780 = {
			isa = PBXGroup;
			children = (
				50B6F3DB1E251644000A3780 /* Example */,
				50B6F3DA1E251644000A3780 /* Products */,
			);
			sourceTree = "<group>";
		};
		50B6F3DA1E251644000A3780 /* Products */ = {
			isa = PBXGroup;
			children = (
				50B6F3D91E251644000A3780 /* Example.app */,
			);
			name = Products;
			sourceTree = "<group>";
		};
		50B6F3DB1E251644000A3780 /* Example */ = {
			isa = PBXGroup;
			children = (
				50B6F3DF1E251644000A3780 /* AppDelegate.h */,
				50B6F3E01E251644000A3780 /* AppDelegate.m */,
				50B6F3E21E251644000A3780 /* ViewController.h */,
				50B6F3E31E251644000A3780 /* ViewController.m */,
				50B6F3E81E251644000A3780 /* Assets.xcassets */,
				50BE407B1E25696800A4A033 /* Launch.storyboard */,
				50B6F3ED1E251644000A3780 /* Info.plist */,
				50B6F3F51E251859000A3780 /* Classes */,
				50B6F3DC1E251644000A3780 /* Supporting Files */,
			);
			path = Example;
			sourceTree = "<group>";
		};
		50B6F3DC1E251644000A3780 /* Supporting Files */ = {
			isa = PBXGroup;
			children = (
				50B6F3DD1E251644000A3780 /* main.m */,
				50BE40811E259A3E00A4A033 /* Localizable.strings */,
			);
			name = "Supporting Files";
			sourceTree = "<group>";
		};
		50B6F3F51E251859000A3780 /* Classes */ = {
			isa = PBXGroup;
			children = (
				50B6F3F61E251859000A3780 /* AProposViewController.h */,
				50B6F3F71E251859000A3780 /* AProposViewController.m */,
			);
			name = Classes;
			path = "Carthage/Checkouts/à-propos/Classes";
			sourceTree = SOURCE_ROOT;
		};
/* End PBXGroup section */

/* Begin PBXNativeTarget section */
		50B6F3D81E251644000A3780 /* Example */ = {
			isa = PBXNativeTarget;
			buildConfigurationList = 50B6F3F01E251644000A3780 /* Build configuration list for PBXNativeTarget "Example" */;
			buildPhases = (
				50B6F3D51E251644000A3780 /* Sources */,
				50B6F3D61E251644000A3780 /* Frameworks */,
				50B6F3D71E251644000A3780 /* Resources */,
			);
			buildRules = (
			);
			dependencies = (
			);
			name = Example;
			productName = Example;
			productReference = 50B6F3D91E251644000A3780 /* Example.app */;
			productType = "com.apple.product-type.application";
		};
/* End PBXNativeTarget section */

/* Begin PBXProject section */
		50B6F3D11E251644000A3780 /* Project object */ = {
			isa = PBXProject;
			attributes = {
				LastUpgradeCheck = 0820;
				ORGANIZATIONNAME = Lisacintosh;
				TargetAttributes = {
					50B6F3D81E251644000A3780 = {
						CreatedOnToolsVersion = 8.2;
						ProvisioningStyle = Manual;
					};
				};
			};
			buildConfigurationList = 50B6F3D41E251644000A3780 /* Build configuration list for PBXProject "Example" */;
			compatibilityVersion = "Xcode 3.2";
			developmentRegion = English;
			hasScannedForEncodings = 0;
			knownRegions = (
				en,
				Base,
				fr,
			);
			mainGroup = 50B6F3D01E251644000A3780;
			productRefGroup = 50B6F3DA1E251644000A3780 /* Products */;
			projectDirPath = "";
			projectRoot = "";
			targets = (
				50B6F3D81E251644000A3780 /* Example */,
			);
		};
/* End PBXProject section */

/* Begin PBXResourcesBuildPhase section */
		50B6F3D71E251644000A3780 /* Resources */ = {
			isa = PBXResourcesBuildPhase;
			buildActionMask = 2147483647;
			files = (
				50B6F3E91E251644000A3780 /* Assets.xcassets in Resources */,
				50BE407F1E259A3E00A4A033 /* Localizable.strings in Resources */,
				50BE407C1E25696800A4A033 /* Launch.storyboard in Resources */,
			);
			runOnlyForDeploymentPostprocessing = 0;
		};
/* End PBXResourcesBuildPhase section */

/* Begin PBXSourcesBuildPhase section */
		50B6F3D51E251644000A3780 /* Sources */ = {
			isa = PBXSourcesBuildPhase;
			buildActionMask = 2147483647;
			files = (
				50B6F3E41E251644000A3780 /* ViewController.m in Sources */,
				50B6F3F81E251859000A3780 /* AProposViewController.m in Sources */,
				50B6F3E11E251644000A3780 /* AppDelegate.m in Sources */,
				50B6F3DE1E251644000A3780 /* main.m in Sources */,
			);
			runOnlyForDeploymentPostprocessing = 0;
		};
/* End PBXSourcesBuildPhase section */

/* Begin PBXVariantGroup section */
		50BE40811E259A3E00A4A033 /* Localizable.strings */ = {
			isa = PBXVariantGroup;
			children = (
				50BE40801E259A3E00A4A033 /* Base */,
				5033A20D1E4BB538004AC9FF /* fr */,
			);
			name = Localizable.strings;
			sourceTree = "<group>";
		};
/* End PBXVariantGroup section */

/* Begin XCBuildConfiguration section */
		50B6F3EE1E251644000A3780 /* Debug */ = {
			isa = XCBuildConfiguration;
			buildSettings = {
				ALWAYS_SEARCH_USER_PATHS = NO;
				CLANG_ANALYZER_LOCALIZABILITY_NONLOCALIZED = YES;
				CLANG_ANALYZER_NONNULL = YES;
				CLANG_CXX_LANGUAGE_STANDARD = "gnu++0x";
				CLANG_CXX_LIBRARY = "libc++";
				CLANG_ENABLE_MODULES = YES;
				CLANG_ENABLE_OBJC_ARC = YES;
				CLANG_WARN_BOOL_CONVERSION = YES;
				CLANG_WARN_CONSTANT_CONVERSION = YES;
				CLANG_WARN_DIRECT_OBJC_ISA_USAGE = YES_ERROR;
				CLANG_WARN_DOCUMENTATION_COMMENTS = YES;
				CLANG_WARN_EMPTY_BODY = YES;
				CLANG_WARN_ENUM_CONVERSION = YES;
				CLANG_WARN_INFINITE_RECURSION = YES;
				CLANG_WARN_INT_CONVERSION = YES;
				CLANG_WARN_OBJC_ROOT_CLASS = YES_ERROR;
				CLANG_WARN_SUSPICIOUS_MOVE = YES;
				CLANG_WARN_UNREACHABLE_CODE = YES;
				CLANG_WARN__DUPLICATE_METHOD_MATCH = YES;
				"CODE_SIGN_IDENTITY[sdk=iphoneos*]" = "iPhone Developer";
				COPY_PHASE_STRIP = NO;
				DEBUG_INFORMATION_FORMAT = dwarf;
				ENABLE_STRICT_OBJC_MSGSEND = YES;
				ENABLE_TESTABILITY = YES;
				GCC_C_LANGUAGE_STANDARD = gnu99;
				GCC_DYNAMIC_NO_PIC = NO;
				GCC_NO_COMMON_BLOCKS = YES;
				GCC_OPTIMIZATION_LEVEL = 0;
				GCC_PREPROCESSOR_DEFINITIONS = (
					"DEBUG=1",
					"$(inherited)",
				);
				GCC_WARN_64_TO_32_BIT_CONVERSION = YES;
				GCC_WARN_ABOUT_RETURN_TYPE = YES_ERROR;
				GCC_WARN_UNDECLARED_SELECTOR = YES;
				GCC_WARN_UNINITIALIZED_AUTOS = YES_AGGRESSIVE;
				GCC_WARN_UNUSED_FUNCTION = YES;
				GCC_WARN_UNUSED_VARIABLE = YES;
				IPHONEOS_DEPLOYMENT_TARGET = 10.2;
				MTL_ENABLE_DEBUG_INFO = YES;
				ONLY_ACTIVE_ARCH = YES;
				SDKROOT = iphoneos;
			};
			name = Debug;
		};
		50B6F3EF1E251644000A3780 /* Release */ = {
			isa = XCBuildConfiguration;
			buildSettings = {
				ALWAYS_SEARCH_USER_PATHS = NO;
				CLANG_ANALYZER_LOCALIZABILITY_NONLOCALIZED = YES;
				CLANG_ANALYZER_NONNULL = YES;
				CLANG_CXX_LANGUAGE_STANDARD = "gnu++0x";
				CLANG_CXX_LIBRARY = "libc++";
				CLANG_ENABLE_MODULES = YES;
				CLANG_ENABLE_OBJC_ARC = YES;
				CLANG_WARN_BOOL_CONVERSION = YES;
				CLANG_WARN_CONSTANT_CONVERSION = YES;
				CLANG_WARN_DIRECT_OBJC_ISA_USAGE = YES_ERROR;
				CLANG_WARN_DOCUMENTATION_COMMENTS = YES;
				CLANG_WARN_EMPTY_BODY = YES;
				CLANG_WARN_ENUM_CONVERSION = YES;
				CLANG_WARN_INFINITE_RECURSION = YES;
				CLANG_WARN_INT_CONVERSION = YES;
				CLANG_WARN_OBJC_ROOT_CLASS = YES_ERROR;
				CLANG_WARN_SUSPICIOUS_MOVE = YES;
				CLANG_WARN_UNREACHABLE_CODE = YES;
				CLANG_WARN__DUPLICATE_METHOD_MATCH = YES;
				"CODE_SIGN_IDENTITY[sdk=iphoneos*]" = "iPhone Developer";
				COPY_PHASE_STRIP = NO;
				DEBUG_INFORMATION_FORMAT = "dwarf-with-dsym";
				ENABLE_NS_ASSERTIONS = NO;
				ENABLE_STRICT_OBJC_MSGSEND = YES;
				GCC_C_LANGUAGE_STANDARD = gnu99;
				GCC_NO_COMMON_BLOCKS = YES;
				GCC_WARN_64_TO_32_BIT_CONVERSION = YES;
				GCC_WARN_ABOUT_RETURN_TYPE = YES_ERROR;
				GCC_WARN_UNDECLARED_SELECTOR = YES;
				GCC_WARN_UNINITIALIZED_AUTOS = YES_AGGRESSIVE;
				GCC_WARN_UNUSED_FUNCTION = YES;
				GCC_WARN_UNUSED_VARIABLE = YES;
				IPHONEOS_DEPLOYMENT_TARGET = 10.2;
				MTL_ENABLE_DEBUG_INFO = NO;
				SDKROOT = iphoneos;
				VALIDATE_PRODUCT = YES;
			};
			name = Release;
		};
		50B6F3F11E251644000A3780 /* Debug */ = {
			isa = XCBuildConfiguration;
			buildSettings = {
				DEVELOPMENT_TEAM = "";
				INFOPLIST_FILE = Example/Info.plist;
				IPHONEOS_DEPLOYMENT_TARGET = 8.0;
				LD_RUNPATH_SEARCH_PATHS = "$(inherited) @executable_path/Frameworks";
				PRODUCT_BUNDLE_IDENTIFIER = "com.lisacintosh.a-propos.example";
				PRODUCT_NAME = "$(TARGET_NAME)";
			};
			name = Debug;
		};
		50B6F3F21E251644000A3780 /* Release */ = {
			isa = XCBuildConfiguration;
			buildSettings = {
				DEVELOPMENT_TEAM = "";
				INFOPLIST_FILE = Example/Info.plist;
				IPHONEOS_DEPLOYMENT_TARGET = 8.0;
				LD_RUNPATH_SEARCH_PATHS = "$(inherited) @executable_path/Frameworks";
				PRODUCT_BUNDLE_IDENTIFIER = "com.lisacintosh.a-propos.example";
				PRODUCT_NAME = "$(TARGET_NAME)";
			};
			name = Release;
		};
/* End XCBuildConfiguration section */

/* Begin XCConfigurationList section */
		50B6F3D41E251644000A3780 /* Build configuration list for PBXProject "Example" */ = {
			isa = XCConfigurationList;
			buildConfigurations = (
				50B6F3EE1E251644000A3780 /* Debug */,
				50B6F3EF1E251644000A3780 /* Release */,
			);
			defaultConfigurationIsVisible = 0;
			defaultConfigurationName = Release;
		};
		50B6F3F01E251644000A3780 /* Build configuration list for PBXNativeTarget "Example" */ = {
			isa = XCConfigurationList;
			buildConfigurations = (
				50B6F3F11E251644000A3780 /* Debug */,
				50B6F3F21E251644000A3780 /* Release */,
			);
			defaultConfigurationIsVisible = 0;
			defaultConfigurationName = Release;
		};
/* End XCConfigurationList section */
	};
	rootObject = 50B6F3D11E251644000A3780 /* Project object */;
}
